
Microsoft Visual Studio Solution File, Format Version 12.00
# Visual Studio 15
VisualStudioVersion = 15.0.28307.106
MinimumVisualStudioVersion = 10.0.40219.1
Project("{FAE04EC0-301F-11D3-BF4B-00C04F79EFBC}") = "Atestat", "Atestat\Atestat.csproj", "{8A3C79E1-8A6A-46BF-A3BC-07C9D2304A36}"
EndProject
Global
	GlobalSection(SolutionConfigurationPlatforms) = preSolution
		Debug|Any CPU = Debug|Any CPU
		Release|Any CPU = Release|Any CPU
	EndGlobalSection
	GlobalSection(ProjectConfigurationPlatforms) = postSolution
		{8A3C79E1-8A6A-46BF-A3BC-07C9D2304A36}.Debug|Any CPU.ActiveCfg = Debug|Any CPU
		{8A3C79E1-8A6A-46BF-A3BC-07C9D2304A36}.Debug|Any CPU.Build.0 = Debug|Any CPU
		{8A3C79E1-8A6A-46BF-A3BC-07C9D2304A36}.Release|Any CPU.ActiveCfg = Release|Any CPU
		{8A3C79E1-8A6A-46BF-A3BC-07C9D2304A36}.Release|Any CPU.Build.0 = Release|Any CPU
	EndGlobalSection
	GlobalSection(SolutionProperties) = preSolution
		HideSolutionNode = FALSE
	EndGlobalSection
	GlobalSection(ExtensibilityGlobals) = postSolution
		SolutionGuid = {C8DF0664-2484-4CA4-AD38-89CCC64DF19B}
	EndGlobalSection
EndGlobal
